lockfileVersion: '6.0'

settings:
  autoInstallPeers: true
  excludeLinksFromLockfile: false

dependencies:
  '@trpc/client':
    specifier: ^10.32.0
    version: 10.32.0(@trpc/server@10.32.0)
  '@trpc/server':
    specifier: ^10.32.0
    version: 10.32.0

packages:

  /@trpc/client@10.32.0(@trpc/server@10.32.0):
    resolution: {integrity: sha512-hrj6XV84nE6DH5AmsPJ0JzIRcx3f6zU0tvS705DnZtNBOoMk7Lx+wX+KCDxj4DxLsTXC+roAxZxWwAB6/LGsXA==}
    peerDependencies:
      '@trpc/server': 10.32.0
    dependencies:
      '@trpc/server': 10.32.0
    dev: false

  /@trpc/server@10.32.0:
    resolution: {integrity: sha512-C4HRHpaffw2pekpfNSHQtwlocq6kwAQq48mR9RIsUZGNbjXZbgvBC927vRP6QPAoG+n4oHPWyZ9G1hs3KMcPiw==}
    dev: false
